
Microsoft Visual Studio Solution File, Format Version 12.00
# Visual Studio Version 17
VisualStudioVersion = 17.0.31903.59
MinimumVisualStudioVersion = 10.0.40219.1
Project("{2150E333-8FDC-42A3-9474-1A3956D46DE8}") = "src", "src", "{02EA681E-C7D8-13C7-8484-4AC65E1B71E8}"
EndProject
Project("{2150E333-8FDC-42A3-9474-1A3956D46DE8}") = "Services", "Services", "{19D3C2DF-755A-4340-9ECB-E83D0A1AE6A3}"
EndProject
Project("{2150E333-8FDC-42A3-9474-1A3956D46DE8}") = "Hiring", "Hiring", "{BE9EFD09-8224-45A0-9082-1505037990FD}"
EndProject
Project("{2150E333-8FDC-42A3-9474-1A3956D46DE8}") = "Adapters", "Adapters", "{15CC4F7C-6BF2-4AA0-B912-17C2EA7D81BE}"
EndProject
Project("{2150E333-8FDC-42A3-9474-1A3956D46DE8}") = "Core", "Core", "{4BD93866-C9D4-42B3-8BD0-86B4B2CB47CA}"
EndProject
Project("{2150E333-8FDC-42A3-9474-1A3956D46DE8}") = "Driven", "Driven", "{4FDEB252-361C-4518-9259-FE8F1E3FF10A}"
EndProject
Project("{2150E333-8FDC-42A3-9474-1A3956D46DE8}") = "Driving", "Driving", "{C3871508-E8D4-443D-9543-480A2896A86E}"
EndProject
Project("{2150E333-8FDC-42A3-9474-1A3956D46DE8}") = "Proposal", "Proposal", "{CCF18D43-D098-478E-9768-A31A6B09DE1F}"
EndProject
Project("{2150E333-8FDC-42A3-9474-1A3956D46DE8}") = "Core", "Core", "{480EDDF6-C599-4286-9238-CC99D0D3705B}"
EndProject
Project("{2150E333-8FDC-42A3-9474-1A3956D46DE8}") = "Adapters", "Adapters", "{7DE8F9B4-0CB8-4CC4-8BEA-8DC1416B6902}"
EndProject
Project("{FAE04EC0-301F-11D3-BF4B-00C04F79EFBC}") = "Proposal.Domain", "src\Proposal\Proposal.Domain\Proposal.Domain.csproj", "{02B0CF89-4D80-4DFA-845B-59DFD28CE53C}"
EndProject
Project("{FAE04EC0-301F-11D3-BF4B-00C04F79EFBC}") = "Proposal.Application", "src\Proposal\Proposal.Application\Proposal.Application.csproj", "{8E5FAA41-112B-46FA-A2D0-4FA19A9AC48D}"
EndProject
Project("{2150E333-8FDC-42A3-9474-1A3956D46DE8}") = "Driving", "Driving", "{F06CDDC4-D2BB-431D-961C-767E3C1C2106}"
EndProject
Project("{2150E333-8FDC-42A3-9474-1A3956D46DE8}") = "Driven", "Driven", "{4A5283B6-A0F0-44EF-A5C6-FEC2F3909770}"
EndProject
Project("{FAE04EC0-301F-11D3-BF4B-00C04F79EFBC}") = "Proposal.Api", "src\Proposal\Proposal.Api\Proposal.Api.csproj", "{1AA79638-FDDD-4272-8B01-DBC7DC6B3662}"
EndProject
Project("{FAE04EC0-301F-11D3-BF4B-00C04F79EFBC}") = "Hiring.Application", "src\Hiring\Hiring.Application\Hiring.Application.csproj", "{4C428EE7-D9B5-F797-C3CF-8568A01F0FEF}"
EndProject
Project("{FAE04EC0-301F-11D3-BF4B-00C04F79EFBC}") = "Hiring.Domain", "src\Hiring\Hiring.Domain\Hiring.Domain.csproj", "{C6F853FE-63CF-BB20-684C-F02C77A3392D}"
EndProject
Project("{FAE04EC0-301F-11D3-BF4B-00C04F79EFBC}") = "Proposal.Infra.Database", "src\Proposal\Proposal.Infra.Database\Proposal.Infra.Database.csproj", "{2516D775-AF7E-413E-9AE0-A455A05EB890}"
EndProject
Project("{FAE04EC0-301F-11D3-BF4B-00C04F79EFBC}") = "Proposal.Infra.Messaging", "src\Proposal\Proposal.Infra.Messaging\Proposal.Infra.Messaging.csproj", "{4198A5A9-BF7E-404C-8A35-1B4C7BCDB35E}"
EndProject
Project("{2150E333-8FDC-42A3-9474-1A3956D46DE8}") = "BuildingBlocks", "BuildingBlocks", "{1F58A8BB-A489-4BED-B416-613DCCEA2DEE}"
EndProject
Project("{FAE04EC0-301F-11D3-BF4B-00C04F79EFBC}") = "SeguroPlataform.Common", "src\BuildingBlocks\SeguroPlataform.Common\SeguroPlataform.Common.csproj", "{32BA0C4F-69C5-4BBE-9229-1373A91AAB7A}"
EndProject
Project("{FAE04EC0-301F-11D3-BF4B-00C04F79EFBC}") = "Hiring.Database", "src\Hiring\Hiring.Database\Hiring.Database.csproj", "{4ECEE6AB-F141-47B4-8846-B5337897C74D}"
EndProject
Project("{FAE04EC0-301F-11D3-BF4B-00C04F79EFBC}") = "Hiring.Worker", "src\Hiring\Hiring.Worker\Hiring.Worker.csproj", "{9BD3539F-9E8C-40E5-A922-7B348BB5DBDF}"
EndProject
Project("{FAE04EC0-301F-11D3-BF4B-00C04F79EFBC}") = "Hiring.Api", "src\Hiring\Hiring.Api\Hiring.Api.csproj", "{E919A520-7E95-415D-BBD2-315243BAB64F}"
EndProject
Global
	GlobalSection(SolutionConfigurationPlatforms) = preSolution
		Debug|Any CPU = Debug|Any CPU
		Release|Any CPU = Release|Any CPU
	EndGlobalSection
	GlobalSection(ProjectConfigurationPlatforms) = postSolution
		{02B0CF89-4D80-4DFA-845B-59DFD28CE53C}.Debug|Any CPU.ActiveCfg = Debug|Any CPU
		{02B0CF89-4D80-4DFA-845B-59DFD28CE53C}.Debug|Any CPU.Build.0 = Debug|Any CPU
		{02B0CF89-4D80-4DFA-845B-59DFD28CE53C}.Release|Any CPU.ActiveCfg = Release|Any CPU
		{02B0CF89-4D80-4DFA-845B-59DFD28CE53C}.Release|Any CPU.Build.0 = Release|Any CPU
		{8E5FAA41-112B-46FA-A2D0-4FA19A9AC48D}.Debug|Any CPU.ActiveCfg = Debug|Any CPU
		{8E5FAA41-112B-46FA-A2D0-4FA19A9AC48D}.Debug|Any CPU.Build.0 = Debug|Any CPU
		{8E5FAA41-112B-46FA-A2D0-4FA19A9AC48D}.Release|Any CPU.ActiveCfg = Release|Any CPU
		{8E5FAA41-112B-46FA-A2D0-4FA19A9AC48D}.Release|Any CPU.Build.0 = Release|Any CPU
		{1AA79638-FDDD-4272-8B01-DBC7DC6B3662}.Debug|Any CPU.ActiveCfg = Debug|Any CPU
		{1AA79638-FDDD-4272-8B01-DBC7DC6B3662}.Debug|Any CPU.Build.0 = Debug|Any CPU
		{1AA79638-FDDD-4272-8B01-DBC7DC6B3662}.Release|Any CPU.ActiveCfg = Release|Any CPU
		{1AA79638-FDDD-4272-8B01-DBC7DC6B3662}.Release|Any CPU.Build.0 = Release|Any CPU
		{4C428EE7-D9B5-F797-C3CF-8568A01F0FEF}.Debug|Any CPU.ActiveCfg = Debug|Any CPU
		{4C428EE7-D9B5-F797-C3CF-8568A01F0FEF}.Debug|Any CPU.Build.0 = Debug|Any CPU
		{4C428EE7-D9B5-F797-C3CF-8568A01F0FEF}.Release|Any CPU.ActiveCfg = Release|Any CPU
		{4C428EE7-D9B5-F797-C3CF-8568A01F0FEF}.Release|Any CPU.Build.0 = Release|Any CPU
		{C6F853FE-63CF-BB20-684C-F02C77A3392D}.Debug|Any CPU.ActiveCfg = Debug|Any CPU
		{C6F853FE-63CF-BB20-684C-F02C77A3392D}.Debug|Any CPU.Build.0 = Debug|Any CPU
		{C6F853FE-63CF-BB20-684C-F02C77A3392D}.Release|Any CPU.ActiveCfg = Release|Any CPU
		{C6F853FE-63CF-BB20-684C-F02C77A3392D}.Release|Any CPU.Build.0 = Release|Any CPU
		{2516D775-AF7E-413E-9AE0-A455A05EB890}.Debug|Any CPU.ActiveCfg = Debug|Any CPU
		{2516D775-AF7E-413E-9AE0-A455A05EB890}.Debug|Any CPU.Build.0 = Debug|Any CPU
		{2516D775-AF7E-413E-9AE0-A455A05EB890}.Release|Any CPU.ActiveCfg = Release|Any CPU
		{2516D775-AF7E-413E-9AE0-A455A05EB890}.Release|Any CPU.Build.0 = Release|Any CPU
		{4198A5A9-BF7E-404C-8A35-1B4C7BCDB35E}.Debug|Any CPU.ActiveCfg = Debug|Any CPU
		{4198A5A9-BF7E-404C-8A35-1B4C7BCDB35E}.Debug|Any CPU.Build.0 = Debug|Any CPU
		{4198A5A9-BF7E-404C-8A35-1B4C7BCDB35E}.Release|Any CPU.ActiveCfg = Release|Any CPU
		{4198A5A9-BF7E-404C-8A35-1B4C7BCDB35E}.Release|Any CPU.Build.0 = Release|Any CPU
		{32BA0C4F-69C5-4BBE-9229-1373A91AAB7A}.Debug|Any CPU.ActiveCfg = Debug|Any CPU
		{32BA0C4F-69C5-4BBE-9229-1373A91AAB7A}.Debug|Any CPU.Build.0 = Debug|Any CPU
		{32BA0C4F-69C5-4BBE-9229-1373A91AAB7A}.Release|Any CPU.ActiveCfg = Release|Any CPU
		{32BA0C4F-69C5-4BBE-9229-1373A91AAB7A}.Release|Any CPU.Build.0 = Release|Any CPU
		{4ECEE6AB-F141-47B4-8846-B5337897C74D}.Debug|Any CPU.ActiveCfg = Debug|Any CPU
		{4ECEE6AB-F141-47B4-8846-B5337897C74D}.Debug|Any CPU.Build.0 = Debug|Any CPU
		{4ECEE6AB-F141-47B4-8846-B5337897C74D}.Release|Any CPU.ActiveCfg = Release|Any CPU
		{4ECEE6AB-F141-47B4-8846-B5337897C74D}.Release|Any CPU.Build.0 = Release|Any CPU
		{9BD3539F-9E8C-40E5-A922-7B348BB5DBDF}.Debug|Any CPU.ActiveCfg = Debug|Any CPU
		{9BD3539F-9E8C-40E5-A922-7B348BB5DBDF}.Debug|Any CPU.Build.0 = Debug|Any CPU
		{9BD3539F-9E8C-40E5-A922-7B348BB5DBDF}.Release|Any CPU.ActiveCfg = Release|Any CPU
		{9BD3539F-9E8C-40E5-A922-7B348BB5DBDF}.Release|Any CPU.Build.0 = Release|Any CPU
		{E919A520-7E95-415D-BBD2-315243BAB64F}.Debug|Any CPU.ActiveCfg = Debug|Any CPU
		{E919A520-7E95-415D-BBD2-315243BAB64F}.Debug|Any CPU.Build.0 = Debug|Any CPU
		{E919A520-7E95-415D-BBD2-315243BAB64F}.Release|Any CPU.ActiveCfg = Release|Any CPU
		{E919A520-7E95-415D-BBD2-315243BAB64F}.Release|Any CPU.Build.0 = Release|Any CPU
	EndGlobalSection
	GlobalSection(SolutionProperties) = preSolution
		HideSolutionNode = FALSE
	EndGlobalSection
	GlobalSection(NestedProjects) = preSolution
		{19D3C2DF-755A-4340-9ECB-E83D0A1AE6A3} = {02EA681E-C7D8-13C7-8484-4AC65E1B71E8}
		{BE9EFD09-8224-45A0-9082-1505037990FD} = {19D3C2DF-755A-4340-9ECB-E83D0A1AE6A3}
		{15CC4F7C-6BF2-4AA0-B912-17C2EA7D81BE} = {BE9EFD09-8224-45A0-9082-1505037990FD}
		{4BD93866-C9D4-42B3-8BD0-86B4B2CB47CA} = {BE9EFD09-8224-45A0-9082-1505037990FD}
		{4FDEB252-361C-4518-9259-FE8F1E3FF10A} = {15CC4F7C-6BF2-4AA0-B912-17C2EA7D81BE}
		{C3871508-E8D4-443D-9543-480A2896A86E} = {15CC4F7C-6BF2-4AA0-B912-17C2EA7D81BE}
		{CCF18D43-D098-478E-9768-A31A6B09DE1F} = {19D3C2DF-755A-4340-9ECB-E83D0A1AE6A3}
		{480EDDF6-C599-4286-9238-CC99D0D3705B} = {CCF18D43-D098-478E-9768-A31A6B09DE1F}
		{7DE8F9B4-0CB8-4CC4-8BEA-8DC1416B6902} = {CCF18D43-D098-478E-9768-A31A6B09DE1F}
		{02B0CF89-4D80-4DFA-845B-59DFD28CE53C} = {480EDDF6-C599-4286-9238-CC99D0D3705B}
		{8E5FAA41-112B-46FA-A2D0-4FA19A9AC48D} = {480EDDF6-C599-4286-9238-CC99D0D3705B}
		{F06CDDC4-D2BB-431D-961C-767E3C1C2106} = {7DE8F9B4-0CB8-4CC4-8BEA-8DC1416B6902}
		{4A5283B6-A0F0-44EF-A5C6-FEC2F3909770} = {7DE8F9B4-0CB8-4CC4-8BEA-8DC1416B6902}
		{1AA79638-FDDD-4272-8B01-DBC7DC6B3662} = {F06CDDC4-D2BB-431D-961C-767E3C1C2106}
		{4C428EE7-D9B5-F797-C3CF-8568A01F0FEF} = {4BD93866-C9D4-42B3-8BD0-86B4B2CB47CA}
		{C6F853FE-63CF-BB20-684C-F02C77A3392D} = {4BD93866-C9D4-42B3-8BD0-86B4B2CB47CA}
		{2516D775-AF7E-413E-9AE0-A455A05EB890} = {4A5283B6-A0F0-44EF-A5C6-FEC2F3909770}
		{4198A5A9-BF7E-404C-8A35-1B4C7BCDB35E} = {4A5283B6-A0F0-44EF-A5C6-FEC2F3909770}
		{1F58A8BB-A489-4BED-B416-613DCCEA2DEE} = {02EA681E-C7D8-13C7-8484-4AC65E1B71E8}
		{32BA0C4F-69C5-4BBE-9229-1373A91AAB7A} = {1F58A8BB-A489-4BED-B416-613DCCEA2DEE}
		{4ECEE6AB-F141-47B4-8846-B5337897C74D} = {4FDEB252-361C-4518-9259-FE8F1E3FF10A}
		{9BD3539F-9E8C-40E5-A922-7B348BB5DBDF} = {C3871508-E8D4-443D-9543-480A2896A86E}
		{E919A520-7E95-415D-BBD2-315243BAB64F} = {C3871508-E8D4-443D-9543-480A2896A86E}
	EndGlobalSection
	GlobalSection(ExtensibilityGlobals) = postSolution
		SolutionGuid = {E43D8D2F-55D1-4D1F-BB27-2B2FAA5533BD}
	EndGlobalSection
EndGlobal
